
Microsoft Visual Studio Solution File, Format Version 12.00
# Visual Studio Version 17
VisualStudioVersion = 17.5.002.0
MinimumVisualStudioVersion = 10.0.40219.1
Project("{9A19103F-16F7-4668-BE54-9A1E7A4F7556}") = "gh-id-bug-orig", "gh-id-bug-orig.csproj", "{67C16800-5AE1-4916-AC57-8D1231EBB838}"
EndProject
Global
	GlobalSection(SolutionConfigurationPlatforms) = preSolution
		Debug|Any CPU = Debug|Any CPU
		Release|Any CPU = Release|Any CPU
	EndGlobalSection
	GlobalSection(ProjectConfigurationPlatforms) = postSolution
		{67C16800-5AE1-4916-AC57-8D1231EBB838}.Debug|Any CPU.ActiveCfg = Debug|Any CPU
		{67C16800-5AE1-4916-AC57-8D1231EBB838}.Debug|Any CPU.Build.0 = Debug|Any CPU
		{67C16800-5AE1-4916-AC57-8D1231EBB838}.Release|Any CPU.ActiveCfg = Release|Any CPU
		{67C16800-5AE1-4916-AC57-8D1231EBB838}.Release|Any CPU.Build.0 = Release|Any CPU
	EndGlobalSection
	GlobalSection(SolutionProperties) = preSolution
		HideSolutionNode = FALSE
	EndGlobalSection
	GlobalSection(ExtensibilityGlobals) = postSolution
		SolutionGuid = {DB1CF1D1-AC1C-4905-9FA3-F6F60B3E0826}
	EndGlobalSection
EndGlobal
